{
  "name": "Ubuntu-Desktop",
  "lockfileVersion": 2,
  "requires": true,
  "packages": {
    "": {
      "dependencies": {
        "django-create-react-app": "^0.0.3"
      }
    },
    "node_modules/django-create-react-app": {
      "version": "0.0.3",
      "resolved": "https://registry.npmjs.org/django-create-react-app/-/django-create-react-app-0.0.3.tgz",
      "integrity": "sha1-8Qa0xiQ+lW5G1UAEjB7ISASBQos=",
      "hasInstallScript": true
    }
  },
  "dependencies": {
    "django-create-react-app": {
      "version": "0.0.3",
      "resolved": "https://registry.npmjs.org/django-create-react-app/-/django-create-react-app-0.0.3.tgz",
      "integrity": "sha1-8Qa0xiQ+lW5G1UAEjB7ISASBQos="
    }
  }
}
